
Microsoft Visual Studio Solution File, Format Version 12.00
Project("{FAE04EC0-301F-11D3-BF4B-00C04F79EFBC}") = "RabbitMQ.Producer.Api", "RabbitMQ.Producer.Api\RabbitMQ.Producer.Api.csproj", "{C275FD4A-9B41-40CB-B86A-62C22996EF2A}"
EndProject
Project("{FAE04EC0-301F-11D3-BF4B-00C04F79EFBC}") = "RabbitMQ.Consumer.Api", "RabbitMQ.Consumer.Api\RabbitMQ.Consumer.Api.csproj", "{BF590C08-F70D-4B1B-AEAF-35082D6DD7E2}"
EndProject
Project("{FAE04EC0-301F-11D3-BF4B-00C04F79EFBC}") = "RabbitMQ.Service.Bus", "RabbitMQ.Service.Bus\RabbitMQ.Service.Bus.csproj", "{9141D01C-82F0-45AD-B7C5-96FFAA586139}"
EndProject
Project("{FAE04EC0-301F-11D3-BF4B-00C04F79EFBC}") = "RabbitMQ.Woker.Bus", "RabbitMQ.Woker.Bus\RabbitMQ.Woker.Bus.csproj", "{B37B08C3-DDEE-4153-B78A-BB943CCE02CD}"
EndProject
Global
	GlobalSection(SolutionConfigurationPlatforms) = preSolution
		Debug|Any CPU = Debug|Any CPU
		Release|Any CPU = Release|Any CPU
	EndGlobalSection
	GlobalSection(ProjectConfigurationPlatforms) = postSolution
		{C275FD4A-9B41-40CB-B86A-62C22996EF2A}.Debug|Any CPU.ActiveCfg = Debug|Any CPU
		{C275FD4A-9B41-40CB-B86A-62C22996EF2A}.Debug|Any CPU.Build.0 = Debug|Any CPU
		{C275FD4A-9B41-40CB-B86A-62C22996EF2A}.Release|Any CPU.ActiveCfg = Release|Any CPU
		{C275FD4A-9B41-40CB-B86A-62C22996EF2A}.Release|Any CPU.Build.0 = Release|Any CPU
		{BF590C08-F70D-4B1B-AEAF-35082D6DD7E2}.Debug|Any CPU.ActiveCfg = Debug|Any CPU
		{BF590C08-F70D-4B1B-AEAF-35082D6DD7E2}.Debug|Any CPU.Build.0 = Debug|Any CPU
		{BF590C08-F70D-4B1B-AEAF-35082D6DD7E2}.Release|Any CPU.ActiveCfg = Release|Any CPU
		{BF590C08-F70D-4B1B-AEAF-35082D6DD7E2}.Release|Any CPU.Build.0 = Release|Any CPU
		{9141D01C-82F0-45AD-B7C5-96FFAA586139}.Debug|Any CPU.ActiveCfg = Debug|Any CPU
		{9141D01C-82F0-45AD-B7C5-96FFAA586139}.Debug|Any CPU.Build.0 = Debug|Any CPU
		{9141D01C-82F0-45AD-B7C5-96FFAA586139}.Release|Any CPU.ActiveCfg = Release|Any CPU
		{9141D01C-82F0-45AD-B7C5-96FFAA586139}.Release|Any CPU.Build.0 = Release|Any CPU
		{B37B08C3-DDEE-4153-B78A-BB943CCE02CD}.Debug|Any CPU.ActiveCfg = Debug|Any CPU
		{B37B08C3-DDEE-4153-B78A-BB943CCE02CD}.Debug|Any CPU.Build.0 = Debug|Any CPU
		{B37B08C3-DDEE-4153-B78A-BB943CCE02CD}.Release|Any CPU.ActiveCfg = Release|Any CPU
		{B37B08C3-DDEE-4153-B78A-BB943CCE02CD}.Release|Any CPU.Build.0 = Release|Any CPU
	EndGlobalSection
EndGlobal
